
Microsoft Visual Studio Solution File, Format Version 12.00
# Visual Studio 15
VisualStudioVersion = 15.0.28307.329
MinimumVisualStudioVersion = 10.0.40219.1
Project("{00D1A9C2-B5F0-4AF3-8072-F6C62B433612}") = "Database1", "Database1\Database1.sqlproj", "{21B494F7-C719-494D-99A4-CBD6918C28C6}"
EndProject
Global
	GlobalSection(SolutionConfigurationPlatforms) = preSolution
		Debug|Any CPU = Debug|Any CPU
		Release|Any CPU = Release|Any CPU
	EndGlobalSection
	GlobalSection(ProjectConfigurationPlatforms) = postSolution
		{21B494F7-C719-494D-99A4-CBD6918C28C6}.Debug|Any CPU.ActiveCfg = Debug|Any CPU
		{21B494F7-C719-494D-99A4-CBD6918C28C6}.Debug|Any CPU.Build.0 = Debug|Any CPU
		{21B494F7-C719-494D-99A4-CBD6918C28C6}.Debug|Any CPU.Deploy.0 = Debug|Any CPU
		{21B494F7-C719-494D-99A4-CBD6918C28C6}.Release|Any CPU.ActiveCfg = Release|Any CPU
		{21B494F7-C719-494D-99A4-CBD6918C28C6}.Release|Any CPU.Build.0 = Release|Any CPU
		{21B494F7-C719-494D-99A4-CBD6918C28C6}.Release|Any CPU.Deploy.0 = Release|Any CPU
	EndGlobalSection
	GlobalSection(SolutionProperties) = preSolution
		HideSolutionNode = FALSE
	EndGlobalSection
	GlobalSection(ExtensibilityGlobals) = postSolution
		SolutionGuid = {C07643FE-E7AA-4053-A1B2-80C5FC92F1D8}
	EndGlobalSection
EndGlobal
